
Microsoft Visual Studio Solution File, Format Version 12.00
# Visual Studio Version 16
VisualStudioVersion = 16.0.29920.165
MinimumVisualStudioVersion = 10.0.40219.1
Project("{FAE04EC0-301F-11D3-BF4B-00C04F79EFBC}") = "Send", "Send\Send.csproj", "{37346C9B-86E8-4D41-9574-AB369BB69738}"
EndProject
Global
	GlobalSection(SolutionConfigurationPlatforms) = preSolution
		Debug|Any CPU = Debug|Any CPU
		Release|Any CPU = Release|Any CPU
	EndGlobalSection
	GlobalSection(ProjectConfigurationPlatforms) = postSolution
		{37346C9B-86E8-4D41-9574-AB369BB69738}.Debug|Any CPU.ActiveCfg = Debug|Any CPU
		{37346C9B-86E8-4D41-9574-AB369BB69738}.Debug|Any CPU.Build.0 = Debug|Any CPU
		{37346C9B-86E8-4D41-9574-AB369BB69738}.Release|Any CPU.ActiveCfg = Release|Any CPU
		{37346C9B-86E8-4D41-9574-AB369BB69738}.Release|Any CPU.Build.0 = Release|Any CPU
	EndGlobalSection
	GlobalSection(SolutionProperties) = preSolution
		HideSolutionNode = FALSE
	EndGlobalSection
	GlobalSection(ExtensibilityGlobals) = postSolution
		SolutionGuid = {CA6A9FB8-ACD6-4AF5-BBEB-5266766BA93B}
	EndGlobalSection
EndGlobal
